
Microsoft Visual Studio Solution File, Format Version 12.00
# Visual Studio Version 17
VisualStudioVersion = 17.4.33213.308
MinimumVisualStudioVersion = 10.0.40219.1
Project("{FAE04EC0-301F-11D3-BF4B-00C04F79EFBC}") = "AppliWPF-BDD-Personels", "AppliWPF-BDD-Personels\AppliWPF-BDD-Personels.csproj", "{5D408FCD-33AE-473F-ACFB-9456BD671E70}"
EndProject
Project("{FAE04EC0-301F-11D3-BF4B-00C04F79EFBC}") = "biblioBDDPersonels1", "biblioBDDPersonels1\biblioBDDPersonels1.csproj", "{4FBB0F96-9BCE-46E3-863E-725A36B4BFEB}"
EndProject
Global
	GlobalSection(SolutionConfigurationPlatforms) = preSolution
		Debug|Any CPU = Debug|Any CPU
		Release|Any CPU = Release|Any CPU
	EndGlobalSection
	GlobalSection(ProjectConfigurationPlatforms) = postSolution
		{5D408FCD-33AE-473F-ACFB-9456BD671E70}.Debug|Any CPU.ActiveCfg = Debug|Any CPU
		{5D408FCD-33AE-473F-ACFB-9456BD671E70}.Debug|Any CPU.Build.0 = Debug|Any CPU
		{5D408FCD-33AE-473F-ACFB-9456BD671E70}.Release|Any CPU.ActiveCfg = Release|Any CPU
		{5D408FCD-33AE-473F-ACFB-9456BD671E70}.Release|Any CPU.Build.0 = Release|Any CPU
		{4FBB0F96-9BCE-46E3-863E-725A36B4BFEB}.Debug|Any CPU.ActiveCfg = Debug|Any CPU
		{4FBB0F96-9BCE-46E3-863E-725A36B4BFEB}.Debug|Any CPU.Build.0 = Debug|Any CPU
		{4FBB0F96-9BCE-46E3-863E-725A36B4BFEB}.Release|Any CPU.ActiveCfg = Release|Any CPU
		{4FBB0F96-9BCE-46E3-863E-725A36B4BFEB}.Release|Any CPU.Build.0 = Release|Any CPU
	EndGlobalSection
	GlobalSection(SolutionProperties) = preSolution
		HideSolutionNode = FALSE
	EndGlobalSection
	GlobalSection(ExtensibilityGlobals) = postSolution
		SolutionGuid = {959BB402-FC0D-4C51-A2F6-A0AB9FAE0FEC}
	EndGlobalSection
EndGlobal
